
Microsoft Visual Studio Solution File, Format Version 12.00
# Visual Studio Version 16
VisualStudioVersion = 16.0.30517.126
MinimumVisualStudioVersion = 10.0.40219.1
Project("{8BC9CEB8-8B4A-11D0-8D11-00A0C91BC942}") = "Sistema_poiska_zhil'ya_dlya_pokypki_i_arendi", "Sistema_poiska_zhil'ya_dlya_pokypki_i_arendi.vcxproj", "{2FECB05A-172E-4B85-A880-C1F1805F9613}"
EndProject
Global
	GlobalSection(SolutionConfigurationPlatforms) = preSolution
		Debug|x64 = Debug|x64
		Debug|x86 = Debug|x86
		Release|x64 = Release|x64
		Release|x86 = Release|x86
	EndGlobalSection
	GlobalSection(ProjectConfigurationPlatforms) = postSolution
		{2FECB05A-172E-4B85-A880-C1F1805F9613}.Debug|x64.ActiveCfg = Debug|x64
		{2FECB05A-172E-4B85-A880-C1F1805F9613}.Debug|x64.Build.0 = Debug|x64
		{2FECB05A-172E-4B85-A880-C1F1805F9613}.Debug|x86.ActiveCfg = Debug|Win32
		{2FECB05A-172E-4B85-A880-C1F1805F9613}.Debug|x86.Build.0 = Debug|Win32
		{2FECB05A-172E-4B85-A880-C1F1805F9613}.Release|x64.ActiveCfg = Release|x64
		{2FECB05A-172E-4B85-A880-C1F1805F9613}.Release|x64.Build.0 = Release|x64
		{2FECB05A-172E-4B85-A880-C1F1805F9613}.Release|x86.ActiveCfg = Release|Win32
		{2FECB05A-172E-4B85-A880-C1F1805F9613}.Release|x86.Build.0 = Release|Win32
	EndGlobalSection
	GlobalSection(SolutionProperties) = preSolution
		HideSolutionNode = FALSE
	EndGlobalSection
	GlobalSection(ExtensibilityGlobals) = postSolution
		SolutionGuid = {8684A0A7-7238-41A8-BD93-127E51BC8D74}
	EndGlobalSection
EndGlobal
